{
  "version": 1,
  "dependencies": {
    "net9.0-windows7.0": {
      "DalamudPackager": {
        "type": "Direct",
        "requested": "[12.0.0, )",
        "resolved": "12.0.0",
        "contentHash": "J5TJLV3f16T/E2H2P17ClWjtfEBPpq3yxvqW46eN36JCm6wR+EaoaYkqG9Rm5sHqs3/nK/vKjWWyvEs/jhKoXw=="
      },
      "ILRepack": {
        "type": "Direct",
        "requested": "[2.0.18, )",
        "resolved": "2.0.18",
        "contentHash": "sR5Aj3JLDbA8JwESfWYfigSz5k1oNSHPN434W1LX8sboWJYEOSQP/KkvZGmJKPgajzSUKkl2jDar3LPZiMFU4Q=="
      },
      "ecommons": {
        "type": "Project"
      },
      "punishlib": {
        "type": "Project",
        "dependencies": {
          "ECommons": "[2.2.0.2, )"
        }
      }
    }
  }
}